// !$*UTF8*$!
{
	archiveVersion = 1;
	classes = {
	};
	objectVersion = 56;
	objects = {

/* Begin PBXBuildFile section */
		D36494C42A1F8C0800F97244 /* AppDelegate.swift in Sources */ = {isa = PBXBuildFile; fileRef = D36494C32A1F8C0800F97244 /* AppDelegate.swift */; };
		D36494C62A1F8C0800F97244 /* SceneDelegate.swift in Sources */ = {isa = PBXBuildFile; fileRef = D36494C52A1F8C0800F97244 /* SceneDelegate.swift */; };
		D36494CD2A1F8C0A00F97244 /* Assets.xcassets in Resources */ = {isa = PBXBuildFile; fileRef = D36494CC2A1F8C0A00F97244 /* Assets.xcassets */; };
		D36494D02A1F8C0A00F97244 /* LaunchScreen.storyboard in Resources */ = {isa = PBXBuildFile; fileRef = D36494CE2A1F8C0A00F97244 /* LaunchScreen.storyboard */; };
		D36494DA2A1F8C2700F97244 /* CornLeafDiseaseHelper.mlmodel in Sources */ = {isa = PBXBuildFile; fileRef = D36494D92A1F8C2700F97244 /* CornLeafDiseaseHelper.mlmodel */; };
		D36494DF2A1F8DF600F97244 /* MainViewController.swift in Sources */ = {isa = PBXBuildFile; fileRef = D36494DE2A1F8DF600F97244 /* MainViewController.swift */; };
		D36494E22A1F8F1D00F97244 /* ImagePredictor.swift in Sources */ = {isa = PBXBuildFile; fileRef = D36494E12A1F8F1D00F97244 /* ImagePredictor.swift */; };
		D36494E42A1F916000F97244 /* MainViewController+CameraPicker.swift in Sources */ = {isa = PBXBuildFile; fileRef = D36494E32A1F916000F97244 /* MainViewController+CameraPicker.swift */; };
		D36494E62A1F918C00F97244 /* MainViewController+PhotoPicker.swift in Sources */ = {isa = PBXBuildFile; fileRef = D36494E52A1F918C00F97244 /* MainViewController+PhotoPicker.swift */; };
		D36494E92A1F91FC00F97244 /* UIImageOrientation.swift in Sources */ = {isa = PBXBuildFile; fileRef = D36494E82A1F91FC00F97244 /* UIImageOrientation.swift */; };
		D36494EB2A1F921200F97244 /* PercentageOfImage.swift in Sources */ = {isa = PBXBuildFile; fileRef = D36494EA2A1F921200F97244 /* PercentageOfImage.swift */; };
		D3941A832A220FD7009CF7C3 /* YoutubeViewController.swift in Sources */ = {isa = PBXBuildFile; fileRef = D3941A822A220FD7009CF7C3 /* YoutubeViewController.swift */; };
		D3AD9FF12A1F9DD90032817A /* Main.storyboard in Resources */ = {isa = PBXBuildFile; fileRef = D3AD9FF02A1F9DD90032817A /* Main.storyboard */; };
/* End PBXBuildFile section */

/* Begin PBXFileReference section */
		D36494C02A1F8C0800F97244 /* CornLeafDiesesHelper.app */ = {isa = PBXFileReference; explicitFileType = wrapper.application; includeInIndex = 0; path = CornLeafDiesesHelper.app; sourceTree = BUILT_PRODUCTS_DIR; };
		D36494C32A1F8C0800F97244 /* AppDelegate.swift */ = {isa = PBXFileReference; lastKnownFileType = sourcecode.swift; path = AppDelegate.swift; sourceTree = "<group>"; };
		D36494C52A1F8C0800F97244 /* SceneDelegate.swift */ = {isa = PBXFileReference; lastKnownFileType = sourcecode.swift; path = SceneDelegate.swift; sourceTree = "<group>"; };
		D36494CC2A1F8C0A00F97244 /* Assets.xcassets */ = {isa = PBXFileReference; lastKnownFileType = folder.assetcatalog; path = Assets.xcassets; sourceTree = "<group>"; };
		D36494CF2A1F8C0A00F97244 /* Base */ = {isa = PBXFileReference; lastKnownFileType = file.storyboard; name = Base; path = Base.lproj/LaunchScreen.storyboard; sourceTree = "<group>"; };
		D36494D12A1F8C0A00F97244 /* Info.plist */ = {isa = PBXFileReference; lastKnownFileType = text.plist.xml; path = Info.plist; sourceTree = "<group>"; };
		D36494D92A1F8C2700F97244 /* CornLeafDiseaseHelper.mlmodel */ = {isa = PBXFileReference; lastKnownFileType = file.mlmodel; path = CornLeafDiseaseHelper.mlmodel; sourceTree = "<group>"; };
		D36494DE2A1F8DF600F97244 /* MainViewController.swift */ = {isa = PBXFileReference; lastKnownFileType = sourcecode.swift; path = MainViewController.swift; sourceTree = "<group>"; };
		D36494E12A1F8F1D00F97244 /* ImagePredictor.swift */ = {isa = PBXFileReference; lastKnownFileType = sourcecode.swift; path = ImagePredictor.swift; sourceTree = "<group>"; };
		D36494E32A1F916000F97244 /* MainViewController+CameraPicker.swift */ = {isa = PBXFileReference; lastKnownFileType = sourcecode.swift; path = "MainViewController+CameraPicker.swift"; sourceTree = "<group>"; };
		D36494E52A1F918C00F97244 /* MainViewController+PhotoPicker.swift */ = {isa = PBXFileReference; lastKnownFileType = sourcecode.swift; path = "MainViewController+PhotoPicker.swift"; sourceTree = "<group>"; };
		D36494E82A1F91FC00F97244 /* UIImageOrientation.swift */ = {isa = PBXFileReference; lastKnownFileType = sourcecode.swift; path = UIImageOrientation.swift; sourceTree = "<group>"; };
		D36494EA2A1F921200F97244 /* PercentageOfImage.swift */ = {isa = PBXFileReference; lastKnownFileType = sourcecode.swift; path = PercentageOfImage.swift; sourceTree = "<group>"; };
		D3941A822A220FD7009CF7C3 /* YoutubeViewController.swift */ = {isa = PBXFileReference; lastKnownFileType = sourcecode.swift; path = YoutubeViewController.swift; sourceTree = "<group>"; };
		D3AD9FF02A1F9DD90032817A /* Main.storyboard */ = {isa = PBXFileReference; fileEncoding = 4; lastKnownFileType = file.storyboard; path = Main.storyboard; sourceTree = "<group>"; };
/* End PBXFileReference section */

/* Begin PBXFrameworksBuildPhase section */
		D36494BD2A1F8C0800F97244 /* Frameworks */ = {
			isa = PBXFrameworksBuildPhase;
			buildActionMask = 2147483647;
			files = (
			);
			runOnlyForDeploymentPostprocessing = 0;
		};
/* End PBXFrameworksBuildPhase section */

/* Begin PBXGroup section */
		D36494B72A1F8C0800F97244 = {
			isa = PBXGroup;
			children = (
				D36494C22A1F8C0800F97244 /* CornLeafDiesesHelper */,
				D36494C12A1F8C0800F97244 /* Products */,
			);
			sourceTree = "<group>";
		};
		D36494C12A1F8C0800F97244 /* Products */ = {
			isa = PBXGroup;
			children = (
				D36494C02A1F8C0800F97244 /* CornLeafDiesesHelper.app */,
			);
			name = Products;
			sourceTree = "<group>";
		};
		D36494C22A1F8C0800F97244 /* CornLeafDiesesHelper */ = {
			isa = PBXGroup;
			children = (
				D36494E72A1F91D300F97244 /* Extensions */,
				D36494E02A1F8EFB00F97244 /* ImagePredictor */,
				D36494D72A1F8C1C00F97244 /* model */,
				D36494DB2A1F8CC500F97244 /* ViewControllers */,
				D36494C32A1F8C0800F97244 /* AppDelegate.swift */,
				D36494C52A1F8C0800F97244 /* SceneDelegate.swift */,
				D36494CC2A1F8C0A00F97244 /* Assets.xcassets */,
				D36494CE2A1F8C0A00F97244 /* LaunchScreen.storyboard */,
				D36494D12A1F8C0A00F97244 /* Info.plist */,
			);
			path = CornLeafDiesesHelper;
			sourceTree = "<group>";
		};
		D36494D72A1F8C1C00F97244 /* model */ = {
			isa = PBXGroup;
			children = (
				D36494D92A1F8C2700F97244 /* CornLeafDiseaseHelper.mlmodel */,
			);
			path = model;
			sourceTree = "<group>";
		};
		D36494DB2A1F8CC500F97244 /* ViewControllers */ = {
			isa = PBXGroup;
			children = (
				D36494DE2A1F8DF600F97244 /* MainViewController.swift */,
				D36494E32A1F916000F97244 /* MainViewController+CameraPicker.swift */,
				D36494E52A1F918C00F97244 /* MainViewController+PhotoPicker.swift */,
				D3AD9FF02A1F9DD90032817A /* Main.storyboard */,
				D3941A822A220FD7009CF7C3 /* YoutubeViewController.swift */,
			);
			path = ViewControllers;
			sourceTree = "<group>";
		};
		D36494E02A1F8EFB00F97244 /* ImagePredictor */ = {
			isa = PBXGroup;
			children = (
				D36494E12A1F8F1D00F97244 /* ImagePredictor.swift */,
			);
			path = ImagePredictor;
			sourceTree = "<group>";
		};
		D36494E72A1F91D300F97244 /* Extensions */ = {
			isa = PBXGroup;
			children = (
				D36494E82A1F91FC00F97244 /* UIImageOrientation.swift */,
				D36494EA2A1F921200F97244 /* PercentageOfImage.swift */,
			);
			path = Extensions;
			sourceTree = "<group>";
		};
/* End PBXGroup section */

/* Begin PBXNativeTarget section */
		D36494BF2A1F8C0800F97244 /* CornLeafDiesesHelper */ = {
			isa = PBXNativeTarget;
			buildConfigurationList = D36494D42A1F8C0A00F97244 /* Build configuration list for PBXNativeTarget "CornLeafDiesesHelper" */;
			buildPhases = (
				D36494BC2A1F8C0800F97244 /* Sources */,
				D36494BD2A1F8C0800F97244 /* Frameworks */,
				D36494BE2A1F8C0800F97244 /* Resources */,
			);
			buildRules = (
			);
			dependencies = (
			);
			name = CornLeafDiesesHelper;
			productName = CornLeafDiesesHelper;
			productReference = D36494C02A1F8C0800F97244 /* CornLeafDiesesHelper.app */;
			productType = "com.apple.product-type.application";
		};
/* End PBXNativeTarget section */

/* Begin PBXProject section */
		D36494B82A1F8C0800F97244 /* Project object */ = {
			isa = PBXProject;
			attributes = {
				BuildIndependentTargetsInParallel = 1;
				LastSwiftUpdateCheck = 1420;
				LastUpgradeCheck = 1420;
				TargetAttributes = {
					D36494BF2A1F8C0800F97244 = {
						CreatedOnToolsVersion = 14.2;
					};
				};
			};
			buildConfigurationList = D36494BB2A1F8C0800F97244 /* Build configuration list for PBXProject "CornLeafDiesesHelper" */;
			compatibilityVersion = "Xcode 14.0";
			developmentRegion = en;
			hasScannedForEncodings = 0;
			knownRegions = (
				en,
				Base,
			);
			mainGroup = D36494B72A1F8C0800F97244;
			productRefGroup = D36494C12A1F8C0800F97244 /* Products */;
			projectDirPath = "";
			projectRoot = "";
			targets = (
				D36494BF2A1F8C0800F97244 /* CornLeafDiesesHelper */,
			);
		};
/* End PBXProject section */

/* Begin PBXResourcesBuildPhase section */
		D36494BE2A1F8C0800F97244 /* Resources */ = {
			isa = PBXResourcesBuildPhase;
			buildActionMask = 2147483647;
			files = (
				D3AD9FF12A1F9DD90032817A /* Main.storyboard in Resources */,
				D36494D02A1F8C0A00F97244 /* LaunchScreen.storyboard in Resources */,
				D36494CD2A1F8C0A00F97244 /* Assets.xcassets in Resources */,
			);
			runOnlyForDeploymentPostprocessing = 0;
		};
/* End PBXResourcesBuildPhase section */

/* Begin PBXSourcesBuildPhase section */
		D36494BC2A1F8C0800F97244 /* Sources */ = {
			isa = PBXSourcesBuildPhase;
			buildActionMask = 2147483647;
			files = (
				D36494E42A1F916000F97244 /* MainViewController+CameraPicker.swift in Sources */,
				D36494C42A1F8C0800F97244 /* AppDelegate.swift in Sources */,
				D36494EB2A1F921200F97244 /* PercentageOfImage.swift in Sources */,
				D36494DA2A1F8C2700F97244 /* CornLeafDiseaseHelper.mlmodel in Sources */,
				D36494C62A1F8C0800F97244 /* SceneDelegate.swift in Sources */,
				D36494E92A1F91FC00F97244 /* UIImageOrientation.swift in Sources */,
				D36494E62A1F918C00F97244 /* MainViewController+PhotoPicker.swift in Sources */,
				D3941A832A220FD7009CF7C3 /* YoutubeViewController.swift in Sources */,
				D36494DF2A1F8DF600F97244 /* MainViewController.swift in Sources */,
				D36494E22A1F8F1D00F97244 /* ImagePredictor.swift in Sources */,
			);
			runOnlyForDeploymentPostprocessing = 0;
		};
/* End PBXSourcesBuildPhase section */

/* Begin PBXVariantGroup section */
		D36494CE2A1F8C0A00F97244 /* LaunchScreen.storyboard */ = {
			isa = PBXVariantGroup;
			children = (
				D36494CF2A1F8C0A00F97244 /* Base */,
			);
			name = LaunchScreen.storyboard;
			sourceTree = "<group>";
		};
/* End PBXVariantGroup section */

/* Begin XCBuildConfiguration section */
		D36494D22A1F8C0A00F97244 /* Debug */ = {
			isa = XCBuildConfiguration;
			buildSettings = {
				ALWAYS_SEARCH_USER_PATHS = NO;
				CLANG_ANALYZER_NONNULL = YES;
				CLANG_ANALYZER_NUMBER_OBJECT_CONVERSION = YES_AGGRESSIVE;
				CLANG_CXX_LANGUAGE_STANDARD = "gnu++20";
				CLANG_ENABLE_MODULES = YES;
				CLANG_ENABLE_OBJC_ARC = YES;
				CLANG_ENABLE_OBJC_WEAK = YES;
				CLANG_WARN_BLOCK_CAPTURE_AUTORELEASING = YES;
				CLANG_WARN_BOOL_CONVERSION = YES;
				CLANG_WARN_COMMA = YES;
				CLANG_WARN_CONSTANT_CONVERSION = YES;
				CLANG_WARN_DEPRECATED_OBJC_IMPLEMENTATIONS = YES;
				CLANG_WARN_DIRECT_OBJC_ISA_USAGE = YES_ERROR;
				CLANG_WARN_DOCUMENTATION_COMMENTS = YES;
				CLANG_WARN_EMPTY_BODY = YES;
				CLANG_WARN_ENUM_CONVERSION = YES;
				CLANG_WARN_INFINITE_RECURSION = YES;
				CLANG_WARN_INT_CONVERSION = YES;
				CLANG_WARN_NON_LITERAL_NULL_CONVERSION = YES;
				CLANG_WARN_OBJC_IMPLICIT_RETAIN_SELF = YES;
				CLANG_WARN_OBJC_LITERAL_CONVERSION = YES;
				CLANG_WARN_OBJC_ROOT_CLASS = YES_ERROR;
				CLANG_WARN_QUOTED_INCLUDE_IN_FRAMEWORK_HEADER = YES;
				CLANG_WARN_RANGE_LOOP_ANALYSIS = YES;
				CLANG_WARN_STRICT_PROTOTYPES = YES;
				CLANG_WARN_SUSPICIOUS_MOVE = YES;
				CLANG_WARN_UNGUARDED_AVAILABILITY = YES_AGGRESSIVE;
				CLANG_WARN_UNREACHABLE_CODE = YES;
				CLANG_WARN__DUPLICATE_METHOD_MATCH = YES;
				COPY_PHASE_STRIP = NO;
				DEBUG_INFORMATION_FORMAT = dwarf;
				ENABLE_STRICT_OBJC_MSGSEND = YES;
				ENABLE_TESTABILITY = YES;
				GCC_C_LANGUAGE_STANDARD = gnu11;
				GCC_DYNAMIC_NO_PIC = NO;
				GCC_NO_COMMON_BLOCKS = YES;
				GCC_OPTIMIZATION_LEVEL = 0;
				GCC_PREPROCESSOR_DEFINITIONS = (
					"DEBUG=1",
					"$(inherited)",
				);
				GCC_WARN_64_TO_32_BIT_CONVERSION = YES;
				GCC_WARN_ABOUT_RETURN_TYPE = YES_ERROR;
				GCC_WARN_UNDECLARED_SELECTOR = YES;
				GCC_WARN_UNINITIALIZED_AUTOS = YES_AGGRESSIVE;
				GCC_WARN_UNUSED_FUNCTION = YES;
				GCC_WARN_UNUSED_VARIABLE = YES;
				IPHONEOS_DEPLOYMENT_TARGET = 16.2;
				MTL_ENABLE_DEBUG_INFO = INCLUDE_SOURCE;
				MTL_FAST_MATH = YES;
				ONLY_ACTIVE_ARCH = YES;
				SDKROOT = iphoneos;
				SWIFT_ACTIVE_COMPILATION_CONDITIONS = DEBUG;
				SWIFT_OPTIMIZATION_LEVEL = "-Onone";
			};
			name = Debug;
		};
		D36494D32A1F8C0A00F97244 /* Release */ = {
			isa = XCBuildConfiguration;
			buildSettings = {
				ALWAYS_SEARCH_USER_PATHS = NO;
				CLANG_ANALYZER_NONNULL = YES;
				CLANG_ANALYZER_NUMBER_OBJECT_CONVERSION = YES_AGGRESSIVE;
				CLANG_CXX_LANGUAGE_STANDARD = "gnu++20";
				CLANG_ENABLE_MODULES = YES;
				CLANG_ENABLE_OBJC_ARC = YES;
				CLANG_ENABLE_OBJC_WEAK = YES;
				CLANG_WARN_BLOCK_CAPTURE_AUTORELEASING = YES;
				CLANG_WARN_BOOL_CONVERSION = YES;
				CLANG_WARN_COMMA = YES;
				CLANG_WARN_CONSTANT_CONVERSION = YES;
				CLANG_WARN_DEPRECATED_OBJC_IMPLEMENTATIONS = YES;
				CLANG_WARN_DIRECT_OBJC_ISA_USAGE = YES_ERROR;
				CLANG_WARN_DOCUMENTATION_COMMENTS = YES;
				CLANG_WARN_EMPTY_BODY = YES;
				CLANG_WARN_ENUM_CONVERSION = YES;
				CLANG_WARN_INFINITE_RECURSION = YES;
				CLANG_WARN_INT_CONVERSION = YES;
				CLANG_WARN_NON_LITERAL_NULL_CONVERSION = YES;
				CLANG_WARN_OBJC_IMPLICIT_RETAIN_SELF = YES;
				CLANG_WARN_OBJC_LITERAL_CONVERSION = YES;
				CLANG_WARN_OBJC_ROOT_CLASS = YES_ERROR;
				CLANG_WARN_QUOTED_INCLUDE_IN_FRAMEWORK_HEADER = YES;
				CLANG_WARN_RANGE_LOOP_ANALYSIS = YES;
				CLANG_WARN_STRICT_PROTOTYPES = YES;
				CLANG_WARN_SUSPICIOUS_MOVE = YES;
				CLANG_WARN_UNGUARDED_AVAILABILITY = YES_AGGRESSIVE;
				CLANG_WARN_UNREACHABLE_CODE = YES;
				CLANG_WARN__DUPLICATE_METHOD_MATCH = YES;
				COPY_PHASE_STRIP = NO;
				DEBUG_INFORMATION_FORMAT = "dwarf-with-dsym";
				ENABLE_NS_ASSERTIONS = NO;
				ENABLE_STRICT_OBJC_MSGSEND = YES;
				GCC_C_LANGUAGE_STANDARD = gnu11;
				GCC_NO_COMMON_BLOCKS = YES;
				GCC_WARN_64_TO_32_BIT_CONVERSION = YES;
				GCC_WARN_ABOUT_RETURN_TYPE = YES_ERROR;
				GCC_WARN_UNDECLARED_SELECTOR = YES;
				GCC_WARN_UNINITIALIZED_AUTOS = YES_AGGRESSIVE;
				GCC_WARN_UNUSED_FUNCTION = YES;
				GCC_WARN_UNUSED_VARIABLE = YES;
				IPHONEOS_DEPLOYMENT_TARGET = 16.2;
				MTL_ENABLE_DEBUG_INFO = NO;
				MTL_FAST_MATH = YES;
				SDKROOT = iphoneos;
				SWIFT_COMPILATION_MODE = wholemodule;
				SWIFT_OPTIMIZATION_LEVEL = "-O";
				VALIDATE_PRODUCT = YES;
			};
			name = Release;
		};
		D36494D52A1F8C0A00F97244 /* Debug */ = {
			isa = XCBuildConfiguration;
			buildSettings = {
				ASSETCATALOG_COMPILER_APPICON_NAME = AppIcon;
				ASSETCATALOG_COMPILER_GLOBAL_ACCENT_COLOR_NAME = AccentColor;
				CODE_SIGN_STYLE = Automatic;
				CURRENT_PROJECT_VERSION = 1;
				DEVELOPMENT_TEAM = 7YR5648XWB;
				GENERATE_INFOPLIST_FILE = YES;
				INFOPLIST_FILE = CornLeafDiesesHelper/Info.plist;
				INFOPLIST_KEY_UIApplicationSupportsIndirectInputEvents = YES;
				INFOPLIST_KEY_UILaunchStoryboardName = LaunchScreen;
				INFOPLIST_KEY_UIMainStoryboardFile = Main;
				INFOPLIST_KEY_UISupportedInterfaceOrientations_iPad = "UIInterfaceOrientationPortrait UIInterfaceOrientationPortraitUpsideDown UIInterfaceOrientationLandscapeLeft UIInterfaceOrientationLandscapeRight";
				INFOPLIST_KEY_UISupportedInterfaceOrientations_iPhone = "UIInterfaceOrientationPortrait UIInterfaceOrientationLandscapeLeft UIInterfaceOrientationLandscapeRight";
				IPHONEOS_DEPLOYMENT_TARGET = 15.0;
				LD_RUNPATH_SEARCH_PATHS = (
					"$(inherited)",
					"@executable_path/Frameworks",
				);
				MARKETING_VERSION = 1.0;
				PRODUCT_BUNDLE_IDENTIFIER = "can-c.CornLeafDiesesHelper";
				PRODUCT_NAME = "$(TARGET_NAME)";
				SWIFT_EMIT_LOC_STRINGS = YES;
				SWIFT_VERSION = 5.0;
				TARGETED_DEVICE_FAMILY = "1,2";
			};
			name = Debug;
		};
		D36494D62A1F8C0A00F97244 /* Release */ = {
			isa = XCBuildConfiguration;
			buildSettings = {
				ASSETCATALOG_COMPILER_APPICON_NAME = AppIcon;
				ASSETCATALOG_COMPILER_GLOBAL_ACCENT_COLOR_NAME = AccentColor;
				CODE_SIGN_STYLE = Automatic;
				CURRENT_PROJECT_VERSION = 1;
				DEVELOPMENT_TEAM = 7YR5648XWB;
				GENERATE_INFOPLIST_FILE = YES;
				INFOPLIST_FILE = CornLeafDiesesHelper/Info.plist;
				INFOPLIST_KEY_UIApplicationSupportsIndirectInputEvents = YES;
				INFOPLIST_KEY_UILaunchStoryboardName = LaunchScreen;
				INFOPLIST_KEY_UIMainStoryboardFile = Main;
				INFOPLIST_KEY_UISupportedInterfaceOrientations_iPad = "UIInterfaceOrientationPortrait UIInterfaceOrientationPortraitUpsideDown UIInterfaceOrientationLandscapeLeft UIInterfaceOrientationLandscapeRight";
				INFOPLIST_KEY_UISupportedInterfaceOrientations_iPhone = "UIInterfaceOrientationPortrait UIInterfaceOrientationLandscapeLeft UIInterfaceOrientationLandscapeRight";
				IPHONEOS_DEPLOYMENT_TARGET = 15.0;
				LD_RUNPATH_SEARCH_PATHS = (
					"$(inherited)",
					"@executable_path/Frameworks",
				);
				MARKETING_VERSION = 1.0;
				PRODUCT_BUNDLE_IDENTIFIER = "can-c.CornLeafDiesesHelper";
				PRODUCT_NAME = "$(TARGET_NAME)";
				SWIFT_EMIT_LOC_STRINGS = YES;
				SWIFT_VERSION = 5.0;
				TARGETED_DEVICE_FAMILY = "1,2";
			};
			name = Release;
		};
/* End XCBuildConfiguration section */

/* Begin XCConfigurationList section */
		D36494BB2A1F8C0800F97244 /* Build configuration list for PBXProject "CornLeafDiesesHelper" */ = {
			isa = XCConfigurationList;
			buildConfigurations = (
				D36494D22A1F8C0A00F97244 /* Debug */,
				D36494D32A1F8C0A00F97244 /* Release */,
			);
			defaultConfigurationIsVisible = 0;
			defaultConfigurationName = Release;
		};
		D36494D42A1F8C0A00F97244 /* Build configuration list for PBXNativeTarget "CornLeafDiesesHelper" */ = {
			isa = XCConfigurationList;
			buildConfigurations = (
				D36494D52A1F8C0A00F97244 /* Debug */,
				D36494D62A1F8C0A00F97244 /* Release */,
			);
			defaultConfigurationIsVisible = 0;
			defaultConfigurationName = Release;
		};
/* End XCConfigurationList section */
	};
	rootObject = D36494B82A1F8C0800F97244 /* Project object */;
}
